
Microsoft Visual Studio Solution File, Format Version 12.00
# Visual Studio Version 16
VisualStudioVersion = 16.0.29709.97
MinimumVisualStudioVersion = 10.0.40219.1
Project("{FAE04EC0-301F-11D3-BF4B-00C04F79EFBC}") = "BlogApp", "BlogApp\BlogApp.csproj", "{F429E79E-7907-48C5-9828-48CAFBD48B1F}"
EndProject
Global
	GlobalSection(SolutionConfigurationPlatforms) = preSolution
		Debug|Any CPU = Debug|Any CPU
		Release|Any CPU = Release|Any CPU
	EndGlobalSection
	GlobalSection(ProjectConfigurationPlatforms) = postSolution
		{F429E79E-7907-48C5-9828-48CAFBD48B1F}.Debug|Any CPU.ActiveCfg = Debug|Any CPU
		{F429E79E-7907-48C5-9828-48CAFBD48B1F}.Debug|Any CPU.Build.0 = Debug|Any CPU
		{F429E79E-7907-48C5-9828-48CAFBD48B1F}.Release|Any CPU.ActiveCfg = Release|Any CPU
		{F429E79E-7907-48C5-9828-48CAFBD48B1F}.Release|Any CPU.Build.0 = Release|Any CPU
	EndGlobalSection
	GlobalSection(SolutionProperties) = preSolution
		HideSolutionNode = FALSE
	EndGlobalSection
	GlobalSection(ExtensibilityGlobals) = postSolution
		SolutionGuid = {E584EB07-1068-426B-9A65-79A1E2092DC5}
	EndGlobalSection
EndGlobal
